
Microsoft Visual Studio Solution File, Format Version 12.00
# Visual Studio Version 17
VisualStudioVersion = 17.14.37710.0 d17.14
MinimumVisualStudioVersion = 10.0.40219.1
Project("{FAE04EC0-301F-11D3-BF4B-00C04F79EFBC}") = "BooleanComparisonConsoleApp", "BooleanComparisonConsoleApp\BooleanComparisonConsoleApp.csproj", "{1EC43AE9-C81F-4331-96F8-C4F8FD2AA5C2}"
EndProject
Global
	GlobalSection(SolutionConfigurationPlatforms) = preSolution
		Debug|Any CPU = Debug|Any CPU
		Release|Any CPU = Release|Any CPU
	EndGlobalSection
	GlobalSection(ProjectConfigurationPlatforms) = postSolution
		{1EC43AE9-C81F-4331-96F8-C4F8FD2AA5C2}.Debug|Any CPU.ActiveCfg = Debug|Any CPU
		{1EC43AE9-C81F-4331-96F8-C4F8FD2AA5C2}.Debug|Any CPU.Build.0 = Debug|Any CPU
		{1EC43AE9-C81F-4331-96F8-C4F8FD2AA5C2}.Release|Any CPU.ActiveCfg = Release|Any CPU
		{1EC43AE9-C81F-4331-96F8-C4F8FD2AA5C2}.Release|Any CPU.Build.0 = Release|Any CPU
	EndGlobalSection
	GlobalSection(SolutionProperties) = preSolution
		HideSolutionNode = FALSE
	EndGlobalSection
	GlobalSection(ExtensibilityGlobals) = postSolution
		SolutionGuid = {48A1639B-EBE0-4C09-A402-6554D0428793}
	EndGlobalSection
EndGlobal
