
Microsoft Visual Studio Solution File, Format Version 12.00
# Visual Studio Version 17
VisualStudioVersion = 17.14.37710.0 d17.14
MinimumVisualStudioVersion = 10.0.40219.1
Project("{FAE04EC0-301F-11D3-BF4B-00C04F79EFBC}") = "BranchingSubmission", "BranchingSubmission\BranchingSubmission.csproj", "{44533E4A-E684-49C2-8EC1-57CD4B166075}"
EndProject
Global
	GlobalSection(SolutionConfigurationPlatforms) = preSolution
		Debug|Any CPU = Debug|Any CPU
		Release|Any CPU = Release|Any CPU
	EndGlobalSection
	GlobalSection(ProjectConfigurationPlatforms) = postSolution
		{44533E4A-E684-49C2-8EC1-57CD4B166075}.Debug|Any CPU.ActiveCfg = Debug|Any CPU
		{44533E4A-E684-49C2-8EC1-57CD4B166075}.Debug|Any CPU.Build.0 = Debug|Any CPU
		{44533E4A-E684-49C2-8EC1-57CD4B166075}.Release|Any CPU.ActiveCfg = Release|Any CPU
		{44533E4A-E684-49C2-8EC1-57CD4B166075}.Release|Any CPU.Build.0 = Release|Any CPU
	EndGlobalSection
	GlobalSection(SolutionProperties) = preSolution
		HideSolutionNode = FALSE
	EndGlobalSection
	GlobalSection(ExtensibilityGlobals) = postSolution
		SolutionGuid = {2CB71CCA-CF23-4CC9-9725-0F0C9D73A633}
	EndGlobalSection
EndGlobal
